
Microsoft Visual Studio Solution File, Format Version 12.00
# Visual Studio Version 17
VisualStudioVersion = 17.14.36414.22 d17.14
MinimumVisualStudioVersion = 10.0.40219.1
Project("{FAE04EC0-301F-11D3-BF4B-00C04F79EFBC}") = "p_20260108_ÁB", "p_20260108_ÁB.csproj", "{F501863E-A9FF-413B-8FFB-D8F8E70E19F8}"
EndProject
Global
	GlobalSection(SolutionConfigurationPlatforms) = preSolution
		Debug|Any CPU = Debug|Any CPU
		Release|Any CPU = Release|Any CPU
	EndGlobalSection
	GlobalSection(ProjectConfigurationPlatforms) = postSolution
		{F501863E-A9FF-413B-8FFB-D8F8E70E19F8}.Debug|Any CPU.ActiveCfg = Debug|Any CPU
		{F501863E-A9FF-413B-8FFB-D8F8E70E19F8}.Debug|Any CPU.Build.0 = Debug|Any CPU
		{F501863E-A9FF-413B-8FFB-D8F8E70E19F8}.Release|Any CPU.ActiveCfg = Release|Any CPU
		{F501863E-A9FF-413B-8FFB-D8F8E70E19F8}.Release|Any CPU.Build.0 = Release|Any CPU
	EndGlobalSection
	GlobalSection(SolutionProperties) = preSolution
		HideSolutionNode = FALSE
	EndGlobalSection
	GlobalSection(ExtensibilityGlobals) = postSolution
		SolutionGuid = {DEBCE329-B9D2-42F8-9BFD-806B407768BF}
	EndGlobalSection
EndGlobal
